
Microsoft Visual Studio Solution File, Format Version 12.00
# Visual Studio Version 16
VisualStudioVersion = 16.0.31005.135
MinimumVisualStudioVersion = 10.0.40219.1
Project("{FAE04EC0-301F-11D3-BF4B-00C04F79EFBC}") = "DocSolid.Test.Web", "DocSolid.Test.Web\DocSolid.Test.Web.csproj", "{F1E4A4A6-7FF0-4793-B49C-17D177B15894}"
EndProject
Project("{00D1A9C2-B5F0-4AF3-8072-F6C62B433612}") = "DocSolid.Test.Database", "DocSolid.Test.Database\DocSolid.Test.Database.sqlproj", "{E6A13294-5D29-453D-ADBA-3FAD6D5CC991}"
EndProject
Project("{FAE04EC0-301F-11D3-BF4B-00C04F79EFBC}") = "DocSolid.Test.WindowsService", "DocSolid.Test.WindowsService\DocSolid.Test.WindowsService.csproj", "{53BE75F8-223F-4BA6-84E8-566447041321}"
EndProject
Project("{FAE04EC0-301F-11D3-BF4B-00C04F79EFBC}") = "DocSolid.Test.Model", "DocSolid.Test.Model\DocSolid.Test.Model.csproj", "{2D498A3B-474A-4265-A779-A82CEE9BB0E6}"
EndProject
Global
	GlobalSection(SolutionConfigurationPlatforms) = preSolution
		Debug|Any CPU = Debug|Any CPU
		Release|Any CPU = Release|Any CPU
	EndGlobalSection
	GlobalSection(ProjectConfigurationPlatforms) = postSolution
		{F1E4A4A6-7FF0-4793-B49C-17D177B15894}.Debug|Any CPU.ActiveCfg = Debug|Any CPU
		{F1E4A4A6-7FF0-4793-B49C-17D177B15894}.Debug|Any CPU.Build.0 = Debug|Any CPU
		{F1E4A4A6-7FF0-4793-B49C-17D177B15894}.Release|Any CPU.ActiveCfg = Release|Any CPU
		{F1E4A4A6-7FF0-4793-B49C-17D177B15894}.Release|Any CPU.Build.0 = Release|Any CPU
		{E6A13294-5D29-453D-ADBA-3FAD6D5CC991}.Debug|Any CPU.ActiveCfg = Debug|Any CPU
		{E6A13294-5D29-453D-ADBA-3FAD6D5CC991}.Debug|Any CPU.Build.0 = Debug|Any CPU
		{E6A13294-5D29-453D-ADBA-3FAD6D5CC991}.Debug|Any CPU.Deploy.0 = Debug|Any CPU
		{E6A13294-5D29-453D-ADBA-3FAD6D5CC991}.Release|Any CPU.ActiveCfg = Release|Any CPU
		{E6A13294-5D29-453D-ADBA-3FAD6D5CC991}.Release|Any CPU.Build.0 = Release|Any CPU
		{E6A13294-5D29-453D-ADBA-3FAD6D5CC991}.Release|Any CPU.Deploy.0 = Release|Any CPU
		{53BE75F8-223F-4BA6-84E8-566447041321}.Debug|Any CPU.ActiveCfg = Debug|Any CPU
		{53BE75F8-223F-4BA6-84E8-566447041321}.Debug|Any CPU.Build.0 = Debug|Any CPU
		{53BE75F8-223F-4BA6-84E8-566447041321}.Release|Any CPU.ActiveCfg = Release|Any CPU
		{53BE75F8-223F-4BA6-84E8-566447041321}.Release|Any CPU.Build.0 = Release|Any CPU
		{2D498A3B-474A-4265-A779-A82CEE9BB0E6}.Debug|Any CPU.ActiveCfg = Debug|Any CPU
		{2D498A3B-474A-4265-A779-A82CEE9BB0E6}.Debug|Any CPU.Build.0 = Debug|Any CPU
		{2D498A3B-474A-4265-A779-A82CEE9BB0E6}.Release|Any CPU.ActiveCfg = Release|Any CPU
		{2D498A3B-474A-4265-A779-A82CEE9BB0E6}.Release|Any CPU.Build.0 = Release|Any CPU
	EndGlobalSection
	GlobalSection(SolutionProperties) = preSolution
		HideSolutionNode = FALSE
	EndGlobalSection
	GlobalSection(ExtensibilityGlobals) = postSolution
		SolutionGuid = {48ADE1B5-D11B-47B2-8700-C549ADB1A027}
	EndGlobalSection
EndGlobal
